// !$*UTF8*$!
{
	archiveVersion = 1;
	classes = {
	};
	objectVersion = 46;
	objects = {

/* Begin PBXBuildFile section */
		1F8D884E1E2AC0B400606283 /* friendhelper.swift in Sources */ = {isa = PBXBuildFile; fileRef = 1F8D884D1E2AC0B400606283 /* friendhelper.swift */; };
		1F8D88521E2AD92900606283 /* FriendAddVC.swift in Sources */ = {isa = PBXBuildFile; fileRef = 1F8D88511E2AD92900606283 /* FriendAddVC.swift */; };
		1F97CCD81E28316600FCA1D8 /* chatViewCell.swift in Sources */ = {isa = PBXBuildFile; fileRef = 1F97CCD71E28316600FCA1D8 /* chatViewCell.swift */; };
		1FA3DFE51E27E6F200ED0CA1 /* ChatVC.swift in Sources */ = {isa = PBXBuildFile; fileRef = 1FA3DFE41E27E6F200ED0CA1 /* ChatVC.swift */; };
		1FDD3B1B1E2675BC0008417A /* AppDelegate.swift in Sources */ = {isa = PBXBuildFile; fileRef = 1FDD3B1A1E2675BC0008417A /* AppDelegate.swift */; };
		1FDD3B201E2675BC0008417A /* Main.storyboard in Resources */ = {isa = PBXBuildFile; fileRef = 1FDD3B1E1E2675BC0008417A /* Main.storyboard */; };
		1FDD3B231E2675BC0008417A /* Facebook_Chat.xcdatamodeld in Sources */ = {isa = PBXBuildFile; fileRef = 1FDD3B211E2675BC0008417A /* Facebook_Chat.xcdatamodeld */; };
		1FDD3B251E2675BC0008417A /* Assets.xcassets in Resources */ = {isa = PBXBuildFile; fileRef = 1FDD3B241E2675BC0008417A /* Assets.xcassets */; };
		1FDD3B281E2675BC0008417A /* LaunchScreen.storyboard in Resources */ = {isa = PBXBuildFile; fileRef = 1FDD3B261E2675BC0008417A /* LaunchScreen.storyboard */; };
		1FDD3B301E2675D90008417A /* DatabaseContoller.swift in Sources */ = {isa = PBXBuildFile; fileRef = 1FDD3B2F1E2675D90008417A /* DatabaseContoller.swift */; };
		1FDD3B321E2678700008417A /* FriendsVC.swift in Sources */ = {isa = PBXBuildFile; fileRef = 1FDD3B311E2678700008417A /* FriendsVC.swift */; };
		1FDD3B341E2679C10008417A /* FriendViewCell.swift in Sources */ = {isa = PBXBuildFile; fileRef = 1FDD3B331E2679C10008417A /* FriendViewCell.swift */; };
/* End PBXBuildFile section */

/* Begin PBXFileReference section */
		1F8D884D1E2AC0B400606283 /* friendhelper.swift */ = {isa = PBXFileReference; fileEncoding = 4; lastKnownFileType = sourcecode.swift; path = friendhelper.swift; sourceTree = "<group>"; };
		1F8D88511E2AD92900606283 /* FriendAddVC.swift */ = {isa = PBXFileReference; fileEncoding = 4; lastKnownFileType = sourcecode.swift; path = FriendAddVC.swift; sourceTree = "<group>"; };
		1F97CCD71E28316600FCA1D8 /* chatViewCell.swift */ = {isa = PBXFileReference; fileEncoding = 4; lastKnownFileType = sourcecode.swift; path = chatViewCell.swift; sourceTree = "<group>"; };
		1FA3DFE41E27E6F200ED0CA1 /* ChatVC.swift */ = {isa = PBXFileReference; fileEncoding = 4; lastKnownFileType = sourcecode.swift; name = ChatVC.swift; path = ../ChatVC.swift; sourceTree = "<group>"; };
		1FDD3B171E2675BC0008417A /* Facebook Chat.app */ = {isa = PBXFileReference; explicitFileType = wrapper.application; includeInIndex = 0; path = "Facebook Chat.app"; sourceTree = BUILT_PRODUCTS_DIR; };
		1FDD3B1A1E2675BC0008417A /* AppDelegate.swift */ = {isa = PBXFileReference; lastKnownFileType = sourcecode.swift; path = AppDelegate.swift; sourceTree = "<group>"; };
		1FDD3B1F1E2675BC0008417A /* Base */ = {isa = PBXFileReference; lastKnownFileType = file.storyboard; name = Base; path = Base.lproj/Main.storyboard; sourceTree = "<group>"; };
		1FDD3B221E2675BC0008417A /* Facebook_Chat.xcdatamodel */ = {isa = PBXFileReference; lastKnownFileType = wrapper.xcdatamodel; path = Facebook_Chat.xcdatamodel; sourceTree = "<group>"; };
		1FDD3B241E2675BC0008417A /* Assets.xcassets */ = {isa = PBXFileReference; lastKnownFileType = folder.assetcatalog; path = Assets.xcassets; sourceTree = "<group>"; };
		1FDD3B271E2675BC0008417A /* Base */ = {isa = PBXFileReference; lastKnownFileType = file.storyboard; name = Base; path = Base.lproj/LaunchScreen.storyboard; sourceTree = "<group>"; };
		1FDD3B291E2675BC0008417A /* Info.plist */ = {isa = PBXFileReference; lastKnownFileType = text.plist.xml; path = Info.plist; sourceTree = "<group>"; };
		1FDD3B2F1E2675D90008417A /* DatabaseContoller.swift */ = {isa = PBXFileReference; fileEncoding = 4; lastKnownFileType = sourcecode.swift; path = DatabaseContoller.swift; sourceTree = "<group>"; };
		1FDD3B311E2678700008417A /* FriendsVC.swift */ = {isa = PBXFileReference; fileEncoding = 4; lastKnownFileType = sourcecode.swift; path = FriendsVC.swift; sourceTree = "<group>"; };
		1FDD3B331E2679C10008417A /* FriendViewCell.swift */ = {isa = PBXFileReference; fileEncoding = 4; lastKnownFileType = sourcecode.swift; path = FriendViewCell.swift; sourceTree = "<group>"; };
/* End PBXFileReference section */

/* Begin PBXFrameworksBuildPhase section */
		1FDD3B141E2675BC0008417A /* Frameworks */ = {
			isa = PBXFrameworksBuildPhase;
			buildActionMask = 2147483647;
			files = (
			);
			runOnlyForDeploymentPostprocessing = 0;
		};
/* End PBXFrameworksBuildPhase section */

/* Begin PBXGroup section */
		1F9C632E1E38D8E700B58C1C /* Controller */ = {
			isa = PBXGroup;
			children = (
				1FDD3B1A1E2675BC0008417A /* AppDelegate.swift */,
				1FDD3B2F1E2675D90008417A /* DatabaseContoller.swift */,
				1FDD3B311E2678700008417A /* FriendsVC.swift */,
				1FA3DFE41E27E6F200ED0CA1 /* ChatVC.swift */,
				1F8D88511E2AD92900606283 /* FriendAddVC.swift */,
			);
			name = Controller;
			sourceTree = "<group>";
		};
		1F9C632F1E38D90B00B58C1C /* Model */ = {
			isa = PBXGroup;
			children = (
				1F8D884D1E2AC0B400606283 /* friendhelper.swift */,
				1FDD3B331E2679C10008417A /* FriendViewCell.swift */,
				1F97CCD71E28316600FCA1D8 /* chatViewCell.swift */,
			);
			name = Model;
			sourceTree = "<group>";
		};
		1F9C63301E38D91400B58C1C /* View */ = {
			isa = PBXGroup;
			children = (
				1FDD3B261E2675BC0008417A /* LaunchScreen.storyboard */,
				1FDD3B1E1E2675BC0008417A /* Main.storyboard */,
			);
			name = View;
			sourceTree = "<group>";
		};
		1F9C63311E38D94B00B58C1C /* Resources */ = {
			isa = PBXGroup;
			children = (
				1FDD3B241E2675BC0008417A /* Assets.xcassets */,
				1FDD3B291E2675BC0008417A /* Info.plist */,
				1FDD3B211E2675BC0008417A /* Facebook_Chat.xcdatamodeld */,
			);
			name = Resources;
			sourceTree = "<group>";
		};
		1FDD3B0E1E2675BC0008417A = {
			isa = PBXGroup;
			children = (
				1FDD3B191E2675BC0008417A /* Facebook Chat */,
				1FDD3B181E2675BC0008417A /* Products */,
			);
			sourceTree = "<group>";
		};
		1FDD3B181E2675BC0008417A /* Products */ = {
			isa = PBXGroup;
			children = (
				1FDD3B171E2675BC0008417A /* Facebook Chat.app */,
			);
			name = Products;
			sourceTree = "<group>";
		};
		1FDD3B191E2675BC0008417A /* Facebook Chat */ = {
			isa = PBXGroup;
			children = (
				1F9C632F1E38D90B00B58C1C /* Model */,
				1F9C63301E38D91400B58C1C /* View */,
				1F9C632E1E38D8E700B58C1C /* Controller */,
				1F9C63311E38D94B00B58C1C /* Resources */,
			);
			path = "Facebook Chat";
			sourceTree = "<group>";
		};
/* End PBXGroup section */

/* Begin PBXNativeTarget section */
		1FDD3B161E2675BC0008417A /* Facebook Chat */ = {
			isa = PBXNativeTarget;
			buildConfigurationList = 1FDD3B2C1E2675BC0008417A /* Build configuration list for PBXNativeTarget "Facebook Chat" */;
			buildPhases = (
				1FDD3B131E2675BC0008417A /* Sources */,
				1FDD3B141E2675BC0008417A /* Frameworks */,
				1FDD3B151E2675BC0008417A /* Resources */,
			);
			buildRules = (
			);
			dependencies = (
			);
			name = "Facebook Chat";
			productName = "Facebook Chat";
			productReference = 1FDD3B171E2675BC0008417A /* Facebook Chat.app */;
			productType = "com.apple.product-type.application";
		};
/* End PBXNativeTarget section */

/* Begin PBXProject section */
		1FDD3B0F1E2675BC0008417A /* Project object */ = {
			isa = PBXProject;
			attributes = {
				LastSwiftUpdateCheck = 0820;
				LastUpgradeCheck = 0820;
				ORGANIZATIONNAME = "mohsin raza";
				TargetAttributes = {
					1FDD3B161E2675BC0008417A = {
						CreatedOnToolsVersion = 8.2.1;
						DevelopmentTeam = PXM6W8F49H;
						ProvisioningStyle = Automatic;
					};
				};
			};
			buildConfigurationList = 1FDD3B121E2675BC0008417A /* Build configuration list for PBXProject "Facebook Chat" */;
			compatibilityVersion = "Xcode 3.2";
			developmentRegion = English;
			hasScannedForEncodings = 0;
			knownRegions = (
				en,
				Base,
			);
			mainGroup = 1FDD3B0E1E2675BC0008417A;
			productRefGroup = 1FDD3B181E2675BC0008417A /* Products */;
			projectDirPath = "";
			projectRoot = "";
			targets = (
				1FDD3B161E2675BC0008417A /* Facebook Chat */,
			);
		};
/* End PBXProject section */

/* Begin PBXResourcesBuildPhase section */
		1FDD3B151E2675BC0008417A /* Resources */ = {
			isa = PBXResourcesBuildPhase;
			buildActionMask = 2147483647;
			files = (
				1FDD3B281E2675BC0008417A /* LaunchScreen.storyboard in Resources */,
				1FDD3B251E2675BC0008417A /* Assets.xcassets in Resources */,
				1FDD3B201E2675BC0008417A /* Main.storyboard in Resources */,
			);
			runOnlyForDeploymentPostprocessing = 0;
		};
/* End PBXResourcesBuildPhase section */

/* Begin PBXSourcesBuildPhase section */
		1FDD3B131E2675BC0008417A /* Sources */ = {
			isa = PBXSourcesBuildPhase;
			buildActionMask = 2147483647;
			files = (
				1FDD3B231E2675BC0008417A /* Facebook_Chat.xcdatamodeld in Sources */,
				1FDD3B321E2678700008417A /* FriendsVC.swift in Sources */,
				1FDD3B341E2679C10008417A /* FriendViewCell.swift in Sources */,
				1FDD3B301E2675D90008417A /* DatabaseContoller.swift in Sources */,
				1FA3DFE51E27E6F200ED0CA1 /* ChatVC.swift in Sources */,
				1F8D884E1E2AC0B400606283 /* friendhelper.swift in Sources */,
				1FDD3B1B1E2675BC0008417A /* AppDelegate.swift in Sources */,
				1F8D88521E2AD92900606283 /* FriendAddVC.swift in Sources */,
				1F97CCD81E28316600FCA1D8 /* chatViewCell.swift in Sources */,
			);
			runOnlyForDeploymentPostprocessing = 0;
		};
/* End PBXSourcesBuildPhase section */

/* Begin PBXVariantGroup section */
		1FDD3B1E1E2675BC0008417A /* Main.storyboard */ = {
			isa = PBXVariantGroup;
			children = (
				1FDD3B1F1E2675BC0008417A /* Base */,
			);
			name = Main.storyboard;
			sourceTree = "<group>";
		};
		1FDD3B261E2675BC0008417A /* LaunchScreen.storyboard */ = {
			isa = PBXVariantGroup;
			children = (
				1FDD3B271E2675BC0008417A /* Base */,
			);
			name = LaunchScreen.storyboard;
			sourceTree = "<group>";
		};
/* End PBXVariantGroup section */

/* Begin XCBuildConfiguration section */
		1FDD3B2A1E2675BC0008417A /* Debug */ = {
			isa = XCBuildConfiguration;
			buildSettings = {
				ALWAYS_SEARCH_USER_PATHS = NO;
				CLANG_ANALYZER_NONNULL = YES;
				CLANG_CXX_LANGUAGE_STANDARD = "gnu++0x";
				CLANG_CXX_LIBRARY = "libc++";
				CLANG_ENABLE_MODULES = YES;
				CLANG_ENABLE_OBJC_ARC = YES;
				CLANG_WARN_BOOL_CONVERSION = YES;
				CLANG_WARN_CONSTANT_CONVERSION = YES;
				CLANG_WARN_DIRECT_OBJC_ISA_USAGE = YES_ERROR;
				CLANG_WARN_DOCUMENTATION_COMMENTS = YES;
				CLANG_WARN_EMPTY_BODY = YES;
				CLANG_WARN_ENUM_CONVERSION = YES;
				CLANG_WARN_INFINITE_RECURSION = YES;
				CLANG_WARN_INT_CONVERSION = YES;
				CLANG_WARN_OBJC_ROOT_CLASS = YES_ERROR;
				CLANG_WARN_SUSPICIOUS_MOVE = YES;
				CLANG_WARN_UNREACHABLE_CODE = YES;
				CLANG_WARN__DUPLICATE_METHOD_MATCH = YES;
				"CODE_SIGN_IDENTITY[sdk=iphoneos*]" = "iPhone Developer";
				COPY_PHASE_STRIP = NO;
				DEBUG_INFORMATION_FORMAT = dwarf;
				ENABLE_STRICT_OBJC_MSGSEND = YES;
				ENABLE_TESTABILITY = YES;
				GCC_C_LANGUAGE_STANDARD = gnu99;
				GCC_DYNAMIC_NO_PIC = NO;
				GCC_NO_COMMON_BLOCKS = YES;
				GCC_OPTIMIZATION_LEVEL = 0;
				GCC_PREPROCESSOR_DEFINITIONS = (
					"DEBUG=1",
					"$(inherited)",
				);
				GCC_WARN_64_TO_32_BIT_CONVERSION = YES;
				GCC_WARN_ABOUT_RETURN_TYPE = YES_ERROR;
				GCC_WARN_UNDECLARED_SELECTOR = YES;
				GCC_WARN_UNINITIALIZED_AUTOS = YES_AGGRESSIVE;
				GCC_WARN_UNUSED_FUNCTION = YES;
				GCC_WARN_UNUSED_VARIABLE = YES;
				IPHONEOS_DEPLOYMENT_TARGET = 10.2;
				MTL_ENABLE_DEBUG_INFO = YES;
				ONLY_ACTIVE_ARCH = YES;
				SDKROOT = iphoneos;
				SWIFT_ACTIVE_COMPILATION_CONDITIONS = DEBUG;
				SWIFT_OPTIMIZATION_LEVEL = "-Onone";
			};
			name = Debug;
		};
		1FDD3B2B1E2675BC0008417A /* Release */ = {
			isa = XCBuildConfiguration;
			buildSettings = {
				ALWAYS_SEARCH_USER_PATHS = NO;
				CLANG_ANALYZER_NONNULL = YES;
				CLANG_CXX_LANGUAGE_STANDARD = "gnu++0x";
				CLANG_CXX_LIBRARY = "libc++";
				CLANG_ENABLE_MODULES = YES;
				CLANG_ENABLE_OBJC_ARC = YES;
				CLANG_WARN_BOOL_CONVERSION = YES;
				CLANG_WARN_CONSTANT_CONVERSION = YES;
				CLANG_WARN_DIRECT_OBJC_ISA_USAGE = YES_ERROR;
				CLANG_WARN_DOCUMENTATION_COMMENTS = YES;
				CLANG_WARN_EMPTY_BODY = YES;
				CLANG_WARN_ENUM_CONVERSION = YES;
				CLANG_WARN_INFINITE_RECURSION = YES;
				CLANG_WARN_INT_CONVERSION = YES;
				CLANG_WARN_OBJC_ROOT_CLASS = YES_ERROR;
				CLANG_WARN_SUSPICIOUS_MOVE = YES;
				CLANG_WARN_UNREACHABLE_CODE = YES;
				CLANG_WARN__DUPLICATE_METHOD_MATCH = YES;
				"CODE_SIGN_IDENTITY[sdk=iphoneos*]" = "iPhone Developer";
				COPY_PHASE_STRIP = NO;
				DEBUG_INFORMATION_FORMAT = "dwarf-with-dsym";
				ENABLE_NS_ASSERTIONS = NO;
				ENABLE_STRICT_OBJC_MSGSEND = YES;
				GCC_C_LANGUAGE_STANDARD = gnu99;
				GCC_NO_COMMON_BLOCKS = YES;
				GCC_WARN_64_TO_32_BIT_CONVERSION = YES;
				GCC_WARN_ABOUT_RETURN_TYPE = YES_ERROR;
				GCC_WARN_UNDECLARED_SELECTOR = YES;
				GCC_WARN_UNINITIALIZED_AUTOS = YES_AGGRESSIVE;
				GCC_WARN_UNUSED_FUNCTION = YES;
				GCC_WARN_UNUSED_VARIABLE = YES;
				IPHONEOS_DEPLOYMENT_TARGET = 10.2;
				MTL_ENABLE_DEBUG_INFO = NO;
				SDKROOT = iphoneos;
				SWIFT_OPTIMIZATION_LEVEL = "-Owholemodule";
				VALIDATE_PRODUCT = YES;
			};
			name = Release;
		};
		1FDD3B2D1E2675BC0008417A /* Debug */ = {
			isa = XCBuildConfiguration;
			buildSettings = {
				ASSETCATALOG_COMPILER_APPICON_NAME = AppIcon;
				DEVELOPMENT_TEAM = PXM6W8F49H;
				INFOPLIST_FILE = "Facebook Chat/Info.plist";
				LD_RUNPATH_SEARCH_PATHS = "$(inherited) @executable_path/Frameworks";
				PRODUCT_BUNDLE_IDENTIFIER = "mohsin.Facebook-Chat";
				PRODUCT_NAME = "$(TARGET_NAME)";
				SWIFT_VERSION = 3.0;
				TARGETED_DEVICE_FAMILY = "1,2";
			};
			name = Debug;
		};
		1FDD3B2E1E2675BC0008417A /* Release */ = {
			isa = XCBuildConfiguration;
			buildSettings = {
				ASSETCATALOG_COMPILER_APPICON_NAME = AppIcon;
				DEVELOPMENT_TEAM = PXM6W8F49H;
				INFOPLIST_FILE = "Facebook Chat/Info.plist";
				LD_RUNPATH_SEARCH_PATHS = "$(inherited) @executable_path/Frameworks";
				PRODUCT_BUNDLE_IDENTIFIER = "mohsin.Facebook-Chat";
				PRODUCT_NAME = "$(TARGET_NAME)";
				SWIFT_VERSION = 3.0;
				TARGETED_DEVICE_FAMILY = "1,2";
			};
			name = Release;
		};
/* End XCBuildConfiguration section */

/* Begin XCConfigurationList section */
		1FDD3B121E2675BC0008417A /* Build configuration list for PBXProject "Facebook Chat" */ = {
			isa = XCConfigurationList;
			buildConfigurations = (
				1FDD3B2A1E2675BC0008417A /* Debug */,
				1FDD3B2B1E2675BC0008417A /* Release */,
			);
			defaultConfigurationIsVisible = 0;
			defaultConfigurationName = Release;
		};
		1FDD3B2C1E2675BC0008417A /* Build configuration list for PBXNativeTarget "Facebook Chat" */ = {
			isa = XCConfigurationList;
			buildConfigurations = (
				1FDD3B2D1E2675BC0008417A /* Debug */,
				1FDD3B2E1E2675BC0008417A /* Release */,
			);
			defaultConfigurationIsVisible = 0;
			defaultConfigurationName = Release;
		};
/* End XCConfigurationList section */

/* Begin XCVersionGroup section */
		1FDD3B211E2675BC0008417A /* Facebook_Chat.xcdatamodeld */ = {
			isa = XCVersionGroup;
			children = (
				1FDD3B221E2675BC0008417A /* Facebook_Chat.xcdatamodel */,
			);
			currentVersion = 1FDD3B221E2675BC0008417A /* Facebook_Chat.xcdatamodel */;
			path = Facebook_Chat.xcdatamodeld;
			sourceTree = "<group>";
			versionGroupType = wrapper.xcdatamodel;
		};
/* End XCVersionGroup section */
	};
	rootObject = 1FDD3B0F1E2675BC0008417A /* Project object */;
}
